// !$*UTF8*$!
{
	archiveVersion = 1;
	classes = {
	};
	objectVersion = 50;
	objects = {

/* Begin PBXBuildFile section */
		D7262A8F213821CA00D9002B /* AppDelegate.swift in Sources */ = {isa = PBXBuildFile; fileRef = D7262A8E213821CA00D9002B /* AppDelegate.swift */; };
		D7262A91213821CA00D9002B /* WelcomeVC.swift in Sources */ = {isa = PBXBuildFile; fileRef = D7262A90213821CA00D9002B /* WelcomeVC.swift */; };
		D7262A94213821CA00D9002B /* Main.storyboard in Resources */ = {isa = PBXBuildFile; fileRef = D7262A92213821CA00D9002B /* Main.storyboard */; };
		D7262A96213821CE00D9002B /* Assets.xcassets in Resources */ = {isa = PBXBuildFile; fileRef = D7262A95213821CE00D9002B /* Assets.xcassets */; };
		D7262A99213821CE00D9002B /* LaunchScreen.storyboard in Resources */ = {isa = PBXBuildFile; fileRef = D7262A97213821CE00D9002B /* LaunchScreen.storyboard */; };
		D7262AA221382B8C00D9002B /* BorderButton.swift in Sources */ = {isa = PBXBuildFile; fileRef = D7262AA121382B8C00D9002B /* BorderButton.swift */; };
		D75A366F21396E4200BEE593 /* SkillVC.swift in Sources */ = {isa = PBXBuildFile; fileRef = D75A366E21396E4200BEE593 /* SkillVC.swift */; };
		D75A367121396E8400BEE593 /* LeaugeVC.swift in Sources */ = {isa = PBXBuildFile; fileRef = D75A367021396E8400BEE593 /* LeaugeVC.swift */; };
		D75A367321397E1300BEE593 /* Player.swift in Sources */ = {isa = PBXBuildFile; fileRef = D75A367221397E1300BEE593 /* Player.swift */; };
/* End PBXBuildFile section */

/* Begin PBXFileReference section */
		D7262A8B213821CA00D9002B /* app-swoosh.app */ = {isa = PBXFileReference; explicitFileType = wrapper.application; includeInIndex = 0; path = "app-swoosh.app"; sourceTree = BUILT_PRODUCTS_DIR; };
		D7262A8E213821CA00D9002B /* AppDelegate.swift */ = {isa = PBXFileReference; lastKnownFileType = sourcecode.swift; path = AppDelegate.swift; sourceTree = "<group>"; };
		D7262A90213821CA00D9002B /* WelcomeVC.swift */ = {isa = PBXFileReference; lastKnownFileType = sourcecode.swift; path = WelcomeVC.swift; sourceTree = "<group>"; };
		D7262A93213821CA00D9002B /* Base */ = {isa = PBXFileReference; lastKnownFileType = file.storyboard; name = Base; path = Base.lproj/Main.storyboard; sourceTree = "<group>"; };
		D7262A95213821CE00D9002B /* Assets.xcassets */ = {isa = PBXFileReference; lastKnownFileType = folder.assetcatalog; path = Assets.xcassets; sourceTree = "<group>"; };
		D7262A98213821CE00D9002B /* Base */ = {isa = PBXFileReference; lastKnownFileType = file.storyboard; name = Base; path = Base.lproj/LaunchScreen.storyboard; sourceTree = "<group>"; };
		D7262A9A213821CE00D9002B /* Info.plist */ = {isa = PBXFileReference; lastKnownFileType = text.plist.xml; path = Info.plist; sourceTree = "<group>"; };
		D7262AA121382B8C00D9002B /* BorderButton.swift */ = {isa = PBXFileReference; lastKnownFileType = sourcecode.swift; path = BorderButton.swift; sourceTree = "<group>"; };
		D75A366E21396E4200BEE593 /* SkillVC.swift */ = {isa = PBXFileReference; lastKnownFileType = sourcecode.swift; path = SkillVC.swift; sourceTree = "<group>"; };
		D75A367021396E8400BEE593 /* LeaugeVC.swift */ = {isa = PBXFileReference; lastKnownFileType = sourcecode.swift; path = LeaugeVC.swift; sourceTree = "<group>"; };
		D75A367221397E1300BEE593 /* Player.swift */ = {isa = PBXFileReference; lastKnownFileType = sourcecode.swift; path = Player.swift; sourceTree = "<group>"; };
/* End PBXFileReference section */

/* Begin PBXFrameworksBuildPhase section */
		D7262A88213821CA00D9002B /* Frameworks */ = {
			isa = PBXFrameworksBuildPhase;
			buildActionMask = 2147483647;
			files = (
			);
			runOnlyForDeploymentPostprocessing = 0;
		};
/* End PBXFrameworksBuildPhase section */

/* Begin PBXGroup section */
		D7262A82213821CA00D9002B = {
			isa = PBXGroup;
			children = (
				D7262A8D213821CA00D9002B /* app-swoosh */,
				D7262A8C213821CA00D9002B /* Products */,
			);
			sourceTree = "<group>";
		};
		D7262A8C213821CA00D9002B /* Products */ = {
			isa = PBXGroup;
			children = (
				D7262A8B213821CA00D9002B /* app-swoosh.app */,
			);
			name = Products;
			sourceTree = "<group>";
		};
		D7262A8D213821CA00D9002B /* app-swoosh */ = {
			isa = PBXGroup;
			children = (
				D75A366B21396D2500BEE593 /* Controller */,
				D75A366A21396D0C00BEE593 /* Model */,
				D7262AA021382B2400D9002B /* View */,
				D7262A8E213821CA00D9002B /* AppDelegate.swift */,
				D7262A92213821CA00D9002B /* Main.storyboard */,
				D7262A95213821CE00D9002B /* Assets.xcassets */,
				D7262A97213821CE00D9002B /* LaunchScreen.storyboard */,
				D7262A9A213821CE00D9002B /* Info.plist */,
			);
			path = "app-swoosh";
			sourceTree = "<group>";
		};
		D7262AA021382B2400D9002B /* View */ = {
			isa = PBXGroup;
			children = (
				D7262AA121382B8C00D9002B /* BorderButton.swift */,
			);
			path = View;
			sourceTree = "<group>";
		};
		D75A366A21396D0C00BEE593 /* Model */ = {
			isa = PBXGroup;
			children = (
				D75A367221397E1300BEE593 /* Player.swift */,
			);
			path = Model;
			sourceTree = "<group>";
		};
		D75A366B21396D2500BEE593 /* Controller */ = {
			isa = PBXGroup;
			children = (
				D7262A90213821CA00D9002B /* WelcomeVC.swift */,
				D75A366E21396E4200BEE593 /* SkillVC.swift */,
				D75A367021396E8400BEE593 /* LeaugeVC.swift */,
			);
			path = Controller;
			sourceTree = "<group>";
		};
/* End PBXGroup section */

/* Begin PBXNativeTarget section */
		D7262A8A213821CA00D9002B /* app-swoosh */ = {
			isa = PBXNativeTarget;
			buildConfigurationList = D7262A9D213821CE00D9002B /* Build configuration list for PBXNativeTarget "app-swoosh" */;
			buildPhases = (
				D7262A87213821CA00D9002B /* Sources */,
				D7262A88213821CA00D9002B /* Frameworks */,
				D7262A89213821CA00D9002B /* Resources */,
			);
			buildRules = (
			);
			dependencies = (
			);
			name = "app-swoosh";
			productName = "app-swoosh";
			productReference = D7262A8B213821CA00D9002B /* app-swoosh.app */;
			productType = "com.apple.product-type.application";
		};
/* End PBXNativeTarget section */

/* Begin PBXProject section */
		D7262A83213821CA00D9002B /* Project object */ = {
			isa = PBXProject;
			attributes = {
				LastSwiftUpdateCheck = 1000;
				LastUpgradeCheck = 1000;
				ORGANIZATIONNAME = "Marco Tkalcic";
				TargetAttributes = {
					D7262A8A213821CA00D9002B = {
						CreatedOnToolsVersion = 10.0;
					};
				};
			};
			buildConfigurationList = D7262A86213821CA00D9002B /* Build configuration list for PBXProject "app-swoosh" */;
			compatibilityVersion = "Xcode 9.3";
			developmentRegion = en;
			hasScannedForEncodings = 0;
			knownRegions = (
				en,
				Base,
			);
			mainGroup = D7262A82213821CA00D9002B;
			productRefGroup = D7262A8C213821CA00D9002B /* Products */;
			projectDirPath = "";
			projectRoot = "";
			targets = (
				D7262A8A213821CA00D9002B /* app-swoosh */,
			);
		};
/* End PBXProject section */

/* Begin PBXResourcesBuildPhase section */
		D7262A89213821CA00D9002B /* Resources */ = {
			isa = PBXResourcesBuildPhase;
			buildActionMask = 2147483647;
			files = (
				D7262A99213821CE00D9002B /* LaunchScreen.storyboard in Resources */,
				D7262A96213821CE00D9002B /* Assets.xcassets in Resources */,
				D7262A94213821CA00D9002B /* Main.storyboard in Resources */,
			);
			runOnlyForDeploymentPostprocessing = 0;
		};
/* End PBXResourcesBuildPhase section */

/* Begin PBXSourcesBuildPhase section */
		D7262A87213821CA00D9002B /* Sources */ = {
			isa = PBXSourcesBuildPhase;
			buildActionMask = 2147483647;
			files = (
				D75A367121396E8400BEE593 /* LeaugeVC.swift in Sources */,
				D7262A91213821CA00D9002B /* WelcomeVC.swift in Sources */,
				D7262A8F213821CA00D9002B /* AppDelegate.swift in Sources */,
				D75A366F21396E4200BEE593 /* SkillVC.swift in Sources */,
				D75A367321397E1300BEE593 /* Player.swift in Sources */,
				D7262AA221382B8C00D9002B /* BorderButton.swift in Sources */,
			);
			runOnlyForDeploymentPostprocessing = 0;
		};
/* End PBXSourcesBuildPhase section */

/* Begin PBXVariantGroup section */
		D7262A92213821CA00D9002B /* Main.storyboard */ = {
			isa = PBXVariantGroup;
			children = (
				D7262A93213821CA00D9002B /* Base */,
			);
			name = Main.storyboard;
			sourceTree = "<group>";
		};
		D7262A97213821CE00D9002B /* LaunchScreen.storyboard */ = {
			isa = PBXVariantGroup;
			children = (
				D7262A98213821CE00D9002B /* Base */,
			);
			name = LaunchScreen.storyboard;
			sourceTree = "<group>";
		};
/* End PBXVariantGroup section */

/* Begin XCBuildConfiguration section */
		D7262A9B213821CE00D9002B /* Debug */ = {
			isa = XCBuildConfiguration;
			buildSettings = {
				ALWAYS_SEARCH_USER_PATHS = NO;
				CLANG_ANALYZER_NONNULL = YES;
				CLANG_ANALYZER_NUMBER_OBJECT_CONVERSION = YES_AGGRESSIVE;
				CLANG_CXX_LANGUAGE_STANDARD = "gnu++14";
				CLANG_CXX_LIBRARY = "libc++";
				CLANG_ENABLE_MODULES = YES;
				CLANG_ENABLE_OBJC_ARC = YES;
				CLANG_ENABLE_OBJC_WEAK = YES;
				CLANG_WARN_BLOCK_CAPTURE_AUTORELEASING = YES;
				CLANG_WARN_BOOL_CONVERSION = YES;
				CLANG_WARN_COMMA = YES;
				CLANG_WARN_CONSTANT_CONVERSION = YES;
				CLANG_WARN_DEPRECATED_OBJC_IMPLEMENTATIONS = YES;
				CLANG_WARN_DIRECT_OBJC_ISA_USAGE = YES_ERROR;
				CLANG_WARN_DOCUMENTATION_COMMENTS = YES;
				CLANG_WARN_EMPTY_BODY = YES;
				CLANG_WARN_ENUM_CONVERSION = YES;
				CLANG_WARN_INFINITE_RECURSION = YES;
				CLANG_WARN_INT_CONVERSION = YES;
				CLANG_WARN_NON_LITERAL_NULL_CONVERSION = YES;
				CLANG_WARN_OBJC_IMPLICIT_RETAIN_SELF = YES;
				CLANG_WARN_OBJC_LITERAL_CONVERSION = YES;
				CLANG_WARN_OBJC_ROOT_CLASS = YES_ERROR;
				CLANG_WARN_RANGE_LOOP_ANALYSIS = YES;
				CLANG_WARN_STRICT_PROTOTYPES = YES;
				CLANG_WARN_SUSPICIOUS_MOVE = YES;
				CLANG_WARN_UNGUARDED_AVAILABILITY = YES_AGGRESSIVE;
				CLANG_WARN_UNREACHABLE_CODE = YES;
				CLANG_WARN__DUPLICATE_METHOD_MATCH = YES;
				CODE_SIGN_IDENTITY = "iPhone Developer";
				COPY_PHASE_STRIP = NO;
				DEBUG_INFORMATION_FORMAT = dwarf;
				ENABLE_STRICT_OBJC_MSGSEND = YES;
				ENABLE_TESTABILITY = YES;
				GCC_C_LANGUAGE_STANDARD = gnu11;
				GCC_DYNAMIC_NO_PIC = NO;
				GCC_NO_COMMON_BLOCKS = YES;
				GCC_OPTIMIZATION_LEVEL = 0;
				GCC_PREPROCESSOR_DEFINITIONS = (
					"DEBUG=1",
					"$(inherited)",
				);
				GCC_WARN_64_TO_32_BIT_CONVERSION = YES;
				GCC_WARN_ABOUT_RETURN_TYPE = YES_ERROR;
				GCC_WARN_UNDECLARED_SELECTOR = YES;
				GCC_WARN_UNINITIALIZED_AUTOS = YES_AGGRESSIVE;
				GCC_WARN_UNUSED_FUNCTION = YES;
				GCC_WARN_UNUSED_VARIABLE = YES;
				IPHONEOS_DEPLOYMENT_TARGET = 12.0;
				MTL_ENABLE_DEBUG_INFO = INCLUDE_SOURCE;
				MTL_FAST_MATH = YES;
				ONLY_ACTIVE_ARCH = YES;
				SDKROOT = iphoneos;
				SWIFT_ACTIVE_COMPILATION_CONDITIONS = DEBUG;
				SWIFT_OPTIMIZATION_LEVEL = "-Onone";
			};
			name = Debug;
		};
		D7262A9C213821CE00D9002B /* Release */ = {
			isa = XCBuildConfiguration;
			buildSettings = {
				ALWAYS_SEARCH_USER_PATHS = NO;
				CLANG_ANALYZER_NONNULL = YES;
				CLANG_ANALYZER_NUMBER_OBJECT_CONVERSION = YES_AGGRESSIVE;
				CLANG_CXX_LANGUAGE_STANDARD = "gnu++14";
				CLANG_CXX_LIBRARY = "libc++";
				CLANG_ENABLE_MODULES = YES;
				CLANG_ENABLE_OBJC_ARC = YES;
				CLANG_ENABLE_OBJC_WEAK = YES;
				CLANG_WARN_BLOCK_CAPTURE_AUTORELEASING = YES;
				CLANG_WARN_BOOL_CONVERSION = YES;
				CLANG_WARN_COMMA = YES;
				CLANG_WARN_CONSTANT_CONVERSION = YES;
				CLANG_WARN_DEPRECATED_OBJC_IMPLEMENTATIONS = YES;
				CLANG_WARN_DIRECT_OBJC_ISA_USAGE = YES_ERROR;
				CLANG_WARN_DOCUMENTATION_COMMENTS = YES;
				CLANG_WARN_EMPTY_BODY = YES;
				CLANG_WARN_ENUM_CONVERSION = YES;
				CLANG_WARN_INFINITE_RECURSION = YES;
				CLANG_WARN_INT_CONVERSION = YES;
				CLANG_WARN_NON_LITERAL_NULL_CONVERSION = YES;
				CLANG_WARN_OBJC_IMPLICIT_RETAIN_SELF = YES;
				CLANG_WARN_OBJC_LITERAL_CONVERSION = YES;
				CLANG_WARN_OBJC_ROOT_CLASS = YES_ERROR;
				CLANG_WARN_RANGE_LOOP_ANALYSIS = YES;
				CLANG_WARN_STRICT_PROTOTYPES = YES;
				CLANG_WARN_SUSPICIOUS_MOVE = YES;
				CLANG_WARN_UNGUARDED_AVAILABILITY = YES_AGGRESSIVE;
				CLANG_WARN_UNREACHABLE_CODE = YES;
				CLANG_WARN__DUPLICATE_METHOD_MATCH = YES;
				CODE_SIGN_IDENTITY = "iPhone Developer";
				COPY_PHASE_STRIP = NO;
				DEBUG_INFORMATION_FORMAT = "dwarf-with-dsym";
				ENABLE_NS_ASSERTIONS = NO;
				ENABLE_STRICT_OBJC_MSGSEND = YES;
				GCC_C_LANGUAGE_STANDARD = gnu11;
				GCC_NO_COMMON_BLOCKS = YES;
				GCC_WARN_64_TO_32_BIT_CONVERSION = YES;
				GCC_WARN_ABOUT_RETURN_TYPE = YES_ERROR;
				GCC_WARN_UNDECLARED_SELECTOR = YES;
				GCC_WARN_UNINITIALIZED_AUTOS = YES_AGGRESSIVE;
				GCC_WARN_UNUSED_FUNCTION = YES;
				GCC_WARN_UNUSED_VARIABLE = YES;
				IPHONEOS_DEPLOYMENT_TARGET = 12.0;
				MTL_ENABLE_DEBUG_INFO = NO;
				MTL_FAST_MATH = YES;
				SDKROOT = iphoneos;
				SWIFT_COMPILATION_MODE = wholemodule;
				SWIFT_OPTIMIZATION_LEVEL = "-O";
				VALIDATE_PRODUCT = YES;
			};
			name = Release;
		};
		D7262A9E213821CE00D9002B /* Debug */ = {
			isa = XCBuildConfiguration;
			buildSettings = {
				ASSETCATALOG_COMPILER_APPICON_NAME = AppIcon;
				CODE_SIGN_STYLE = Automatic;
				INFOPLIST_FILE = "app-swoosh/Info.plist";
				LD_RUNPATH_SEARCH_PATHS = (
					"$(inherited)",
					"@executable_path/Frameworks",
				);
				PRODUCT_BUNDLE_IDENTIFIER = "com.example.app-swoosh";
				PRODUCT_NAME = "$(TARGET_NAME)";
				SWIFT_VERSION = 4.2;
				TARGETED_DEVICE_FAMILY = "1,2";
			};
			name = Debug;
		};
		D7262A9F213821CE00D9002B /* Release */ = {
			isa = XCBuildConfiguration;
			buildSettings = {
				ASSETCATALOG_COMPILER_APPICON_NAME = AppIcon;
				CODE_SIGN_STYLE = Automatic;
				INFOPLIST_FILE = "app-swoosh/Info.plist";
				LD_RUNPATH_SEARCH_PATHS = (
					"$(inherited)",
					"@executable_path/Frameworks",
				);
				PRODUCT_BUNDLE_IDENTIFIER = "com.example.app-swoosh";
				PRODUCT_NAME = "$(TARGET_NAME)";
				SWIFT_VERSION = 4.2;
				TARGETED_DEVICE_FAMILY = "1,2";
			};
			name = Release;
		};
/* End XCBuildConfiguration section */

/* Begin XCConfigurationList section */
		D7262A86213821CA00D9002B /* Build configuration list for PBXProject "app-swoosh" */ = {
			isa = XCConfigurationList;
			buildConfigurations = (
				D7262A9B213821CE00D9002B /* Debug */,
				D7262A9C213821CE00D9002B /* Release */,
			);
			defaultConfigurationIsVisible = 0;
			defaultConfigurationName = Release;
		};
		D7262A9D213821CE00D9002B /* Build configuration list for PBXNativeTarget "app-swoosh" */ = {
			isa = XCConfigurationList;
			buildConfigurations = (
				D7262A9E213821CE00D9002B /* Debug */,
				D7262A9F213821CE00D9002B /* Release */,
			);
			defaultConfigurationIsVisible = 0;
			defaultConfigurationName = Release;
		};
/* End XCConfigurationList section */
	};
	rootObject = D7262A83213821CA00D9002B /* Project object */;
}
